
Microsoft Visual Studio Solution File, Format Version 12.00
# Visual Studio Version 16
VisualStudioVersion = 25.0.1705.7
MinimumVisualStudioVersion = 10.0.40219.1
Project("{FAE04EC0-301F-11D3-BF4B-00C04F79EFBC}") = "Testing", "Testing.csproj", "{0E184892-B7BF-4102-9A94-81D77EB37AFF}"
EndProject
Global
	GlobalSection(SolutionConfigurationPlatforms) = preSolution
		Debug|Any CPU = Debug|Any CPU
		Release|Any CPU = Release|Any CPU
	EndGlobalSection
	GlobalSection(ProjectConfigurationPlatforms) = postSolution
		{0E184892-B7BF-4102-9A94-81D77EB37AFF}.Debug|Any CPU.ActiveCfg = Debug|Any CPU
		{0E184892-B7BF-4102-9A94-81D77EB37AFF}.Debug|Any CPU.Build.0 = Debug|Any CPU
		{0E184892-B7BF-4102-9A94-81D77EB37AFF}.Release|Any CPU.ActiveCfg = Release|Any CPU
		{0E184892-B7BF-4102-9A94-81D77EB37AFF}.Release|Any CPU.Build.0 = Release|Any CPU
	EndGlobalSection
	GlobalSection(SolutionProperties) = preSolution
		HideSolutionNode = FALSE
	EndGlobalSection
	GlobalSection(ExtensibilityGlobals) = postSolution
		SolutionGuid = {F5E48042-9307-4ABB-9180-9CED4651C61A}
	EndGlobalSection
EndGlobal
